
Microsoft Visual Studio Solution File, Format Version 12.00
# Visual Studio Version 17
VisualStudioVersion = 17.11.35327.3
MinimumVisualStudioVersion = 10.0.40219.1
Project("{2150E333-8FDC-42A3-9474-1A3956D46DE8}") = "server", "server", "{B9094CF9-3D46-47D7-8F2B-187411749F1C}"
EndProject
Project("{2150E333-8FDC-42A3-9474-1A3956D46DE8}") = "shared", "shared", "{03D1D3A3-C102-4EC6-94AB-56C75552A427}"
EndProject
Project("{2150E333-8FDC-42A3-9474-1A3956D46DE8}") = "src", "src", "{03CE26E0-6ED3-4693-BC1E-2C64AE080020}"
EndProject
Project("{9A19103F-16F7-4668-BE54-9A1E7A4F7556}") = "IdroAlertER.Common", "src\shared\IdroAlertER.Common\IdroAlertER.Common.csproj", "{7D5557C9-46D3-4669-8F0A-49EAB9271637}"
EndProject
Project("{9A19103F-16F7-4668-BE54-9A1E7A4F7556}") = "IdroAlertER.Application", "src\server\IdroAlertER.Application\IdroAlertER.Application.csproj", "{67F6E6E7-608B-4A59-BDA3-D768A8F64A7D}"
EndProject
Project("{9A19103F-16F7-4668-BE54-9A1E7A4F7556}") = "IdroAlertER.Infrastructure", "src\server\IdroAlertER.Infrastructure\IdroAlertER.Infrastructure.csproj", "{33DE771C-679D-4436-8683-E32DCD353F93}"
EndProject
Project("{FAE04EC0-301F-11D3-BF4B-00C04F79EFBC}") = "IdroAlertER.Services", "src\server\IdroAlertER.Services\IdroAlertER.Services.csproj", "{FAC5E226-440F-A70D-B245-CBE9519CC970}"
EndProject
Global
	GlobalSection(SolutionConfigurationPlatforms) = preSolution
		Debug|Any CPU = Debug|Any CPU
		Release|Any CPU = Release|Any CPU
	EndGlobalSection
	GlobalSection(ProjectConfigurationPlatforms) = postSolution
		{7D5557C9-46D3-4669-8F0A-49EAB9271637}.Debug|Any CPU.ActiveCfg = Debug|Any CPU
		{7D5557C9-46D3-4669-8F0A-49EAB9271637}.Debug|Any CPU.Build.0 = Debug|Any CPU
		{7D5557C9-46D3-4669-8F0A-49EAB9271637}.Release|Any CPU.ActiveCfg = Release|Any CPU
		{7D5557C9-46D3-4669-8F0A-49EAB9271637}.Release|Any CPU.Build.0 = Release|Any CPU
		{67F6E6E7-608B-4A59-BDA3-D768A8F64A7D}.Debug|Any CPU.ActiveCfg = Debug|Any CPU
		{67F6E6E7-608B-4A59-BDA3-D768A8F64A7D}.Debug|Any CPU.Build.0 = Debug|Any CPU
		{67F6E6E7-608B-4A59-BDA3-D768A8F64A7D}.Release|Any CPU.ActiveCfg = Release|Any CPU
		{67F6E6E7-608B-4A59-BDA3-D768A8F64A7D}.Release|Any CPU.Build.0 = Release|Any CPU
		{33DE771C-679D-4436-8683-E32DCD353F93}.Debug|Any CPU.ActiveCfg = Debug|Any CPU
		{33DE771C-679D-4436-8683-E32DCD353F93}.Debug|Any CPU.Build.0 = Debug|Any CPU
		{33DE771C-679D-4436-8683-E32DCD353F93}.Release|Any CPU.ActiveCfg = Release|Any CPU
		{33DE771C-679D-4436-8683-E32DCD353F93}.Release|Any CPU.Build.0 = Release|Any CPU
		{FAC5E226-440F-A70D-B245-CBE9519CC970}.Debug|Any CPU.ActiveCfg = Debug|Any CPU
		{FAC5E226-440F-A70D-B245-CBE9519CC970}.Debug|Any CPU.Build.0 = Debug|Any CPU
		{FAC5E226-440F-A70D-B245-CBE9519CC970}.Release|Any CPU.ActiveCfg = Release|Any CPU
		{FAC5E226-440F-A70D-B245-CBE9519CC970}.Release|Any CPU.Build.0 = Release|Any CPU
	EndGlobalSection
	GlobalSection(SolutionProperties) = preSolution
		HideSolutionNode = FALSE
	EndGlobalSection
	GlobalSection(NestedProjects) = preSolution
		{B9094CF9-3D46-47D7-8F2B-187411749F1C} = {03CE26E0-6ED3-4693-BC1E-2C64AE080020}
		{03D1D3A3-C102-4EC6-94AB-56C75552A427} = {03CE26E0-6ED3-4693-BC1E-2C64AE080020}
		{7D5557C9-46D3-4669-8F0A-49EAB9271637} = {03D1D3A3-C102-4EC6-94AB-56C75552A427}
		{67F6E6E7-608B-4A59-BDA3-D768A8F64A7D} = {B9094CF9-3D46-47D7-8F2B-187411749F1C}
		{33DE771C-679D-4436-8683-E32DCD353F93} = {B9094CF9-3D46-47D7-8F2B-187411749F1C}
		{FAC5E226-440F-A70D-B245-CBE9519CC970} = {B9094CF9-3D46-47D7-8F2B-187411749F1C}
	EndGlobalSection
	GlobalSection(ExtensibilityGlobals) = postSolution
		SolutionGuid = {6C6B62D9-565C-4A85-9975-C28CE92C3D57}
	EndGlobalSection
EndGlobal
